
Microsoft Visual Studio Solution File, Format Version 12.00
# Visual Studio Version 17
VisualStudioVersion = 17.5.002.0
MinimumVisualStudioVersion = 10.0.40219.1
Project("{9A19103F-16F7-4668-BE54-9A1E7A4F7556}") = "TodoApi", "TodoApi.csproj", "{42C85815-39B6-49AE-BF85-D2110D0CD514}"
EndProject
Global
	GlobalSection(SolutionConfigurationPlatforms) = preSolution
		Debug|Any CPU = Debug|Any CPU
		Release|Any CPU = Release|Any CPU
	EndGlobalSection
	GlobalSection(ProjectConfigurationPlatforms) = postSolution
		{42C85815-39B6-49AE-BF85-D2110D0CD514}.Debug|Any CPU.ActiveCfg = Debug|Any CPU
		{42C85815-39B6-49AE-BF85-D2110D0CD514}.Debug|Any CPU.Build.0 = Debug|Any CPU
		{42C85815-39B6-49AE-BF85-D2110D0CD514}.Release|Any CPU.ActiveCfg = Release|Any CPU
		{42C85815-39B6-49AE-BF85-D2110D0CD514}.Release|Any CPU.Build.0 = Release|Any CPU
	EndGlobalSection
	GlobalSection(SolutionProperties) = preSolution
		HideSolutionNode = FALSE
	EndGlobalSection
	GlobalSection(ExtensibilityGlobals) = postSolution
		SolutionGuid = {CAD457D7-BF9A-4F02-BE10-1E39138E07D7}
	EndGlobalSection
EndGlobal
